
Microsoft Visual Studio Solution File, Format Version 12.00
# Visual Studio Version 17
VisualStudioVersion = 17.10.35013.160
MinimumVisualStudioVersion = 10.0.40219.1
Project("{9A19103F-16F7-4668-BE54-9A1E7A4F7556}") = "OnlineCoffeeMachine", "OnlineCoffeeMachine.csproj", "{0C7253BF-9CFA-4CC9-AA75-4D8A340A742E}"
EndProject
Global
	GlobalSection(SolutionConfigurationPlatforms) = preSolution
		Debug|Any CPU = Debug|Any CPU
		Release|Any CPU = Release|Any CPU
	EndGlobalSection
	GlobalSection(ProjectConfigurationPlatforms) = postSolution
		{0C7253BF-9CFA-4CC9-AA75-4D8A340A742E}.Debug|Any CPU.ActiveCfg = Debug|Any CPU
		{0C7253BF-9CFA-4CC9-AA75-4D8A340A742E}.Debug|Any CPU.Build.0 = Debug|Any CPU
		{0C7253BF-9CFA-4CC9-AA75-4D8A340A742E}.Release|Any CPU.ActiveCfg = Release|Any CPU
		{0C7253BF-9CFA-4CC9-AA75-4D8A340A742E}.Release|Any CPU.Build.0 = Release|Any CPU
	EndGlobalSection
	GlobalSection(SolutionProperties) = preSolution
		HideSolutionNode = FALSE
	EndGlobalSection
	GlobalSection(ExtensibilityGlobals) = postSolution
		SolutionGuid = {C6540D64-8881-438C-ACAE-0D59D875ECDB}
	EndGlobalSection
EndGlobal
